{
  "name": "xchn-presenter",
  "version": "0.0.1",
  "lockfileVersion": 1,
  "dependencies": {
    "options": {
      "version": "0.0.6",
      "resolved": "https://registry.npmjs.org/options/-/options-0.0.6.tgz",
      "integrity": "sha1-7CLTEoBrtT5zF3Pnza788cZDEo8="
    },
    "osc-js": {
      "version": "1.0.3",
      "resolved": "https://registry.npmjs.org/osc-js/-/osc-js-1.0.3.tgz",
      "integrity": "sha512-o/pHEsNruX3SfRveKDBjF2H5kAMegtJ5pvAvOtgGsxaegAU2RkFu6oLpcCZhUI0TuXJBc96W0T5wm6sIaLWkww=="
    },
    "ultron": {
      "version": "1.0.2",
      "resolved": "https://registry.npmjs.org/ultron/-/ultron-1.0.2.tgz",
      "integrity": "sha1-rOEWq1V80Zc4ak6I9GhTeMiy5Po="
    },
    "ws": {
      "version": "1.1.4",
      "resolved": "https://registry.npmjs.org/ws/-/ws-1.1.4.tgz",
      "integrity": "sha1-V/QNA2gy5fUFVmKjl8Tedu1mv2E="
    }
  }
}
